// !$*UTF8*$!
{
	archiveVersion = 1;
	classes = {
	};
	objectVersion = 55;
	objects = {

/* Begin PBXBuildFile section */
		133AF503271A478C00EF8188 /* RegisterScreenController.swift in Sources */ = {isa = PBXBuildFile; fileRef = 133AF502271A478C00EF8188 /* RegisterScreenController.swift */; };
		133AF505271A47AF00EF8188 /* RegisterScreen.swift in Sources */ = {isa = PBXBuildFile; fileRef = 133AF504271A47AF00EF8188 /* RegisterScreen.swift */; };
		133AF507271AD0E300EF8188 /* RegisterScreenProtocol.swift in Sources */ = {isa = PBXBuildFile; fileRef = 133AF506271AD0E300EF8188 /* RegisterScreenProtocol.swift */; };
		133AF509271AD29F00EF8188 /* RegisterScreenViewControllerExtension.swift in Sources */ = {isa = PBXBuildFile; fileRef = 133AF508271AD29F00EF8188 /* RegisterScreenViewControllerExtension.swift */; };
		13C954F32719F9C6007242CE /* AppDelegate.swift in Sources */ = {isa = PBXBuildFile; fileRef = 13C954F22719F9C6007242CE /* AppDelegate.swift */; };
		13C954F52719F9C6007242CE /* SceneDelegate.swift in Sources */ = {isa = PBXBuildFile; fileRef = 13C954F42719F9C6007242CE /* SceneDelegate.swift */; };
		13C954F72719F9C6007242CE /* LoginScreenController.swift in Sources */ = {isa = PBXBuildFile; fileRef = 13C954F62719F9C6007242CE /* LoginScreenController.swift */; };
		13C954FC2719F9C9007242CE /* Assets.xcassets in Resources */ = {isa = PBXBuildFile; fileRef = 13C954FB2719F9C9007242CE /* Assets.xcassets */; };
		13C954FF2719F9C9007242CE /* LaunchScreen.storyboard in Resources */ = {isa = PBXBuildFile; fileRef = 13C954FD2719F9C9007242CE /* LaunchScreen.storyboard */; };
		13C9550A271A05B4007242CE /* LoginScreen.swift in Sources */ = {isa = PBXBuildFile; fileRef = 13C95509271A05B4007242CE /* LoginScreen.swift */; };
		13C9550E271A0636007242CE /* ViewCodeProtocol.swift in Sources */ = {isa = PBXBuildFile; fileRef = 13C9550D271A0636007242CE /* ViewCodeProtocol.swift */; };
		13C95517271A3803007242CE /* LoginScreenControllerExtension.swift in Sources */ = {isa = PBXBuildFile; fileRef = 13C95516271A3803007242CE /* LoginScreenControllerExtension.swift */; };
		13C95519271A3863007242CE /* LoginScreenProtocol.swift in Sources */ = {isa = PBXBuildFile; fileRef = 13C95518271A3863007242CE /* LoginScreenProtocol.swift */; };
		DD1B25926D5AD933EB3475B5 /* Pods_appViewCodeSnapKit.framework in Frameworks */ = {isa = PBXBuildFile; fileRef = 9E8A1022D738F6B9C5AD0022 /* Pods_appViewCodeSnapKit.framework */; };
/* End PBXBuildFile section */

/* Begin PBXFileReference section */
		133AF502271A478C00EF8188 /* RegisterScreenController.swift */ = {isa = PBXFileReference; lastKnownFileType = sourcecode.swift; path = RegisterScreenController.swift; sourceTree = "<group>"; };
		133AF504271A47AF00EF8188 /* RegisterScreen.swift */ = {isa = PBXFileReference; lastKnownFileType = sourcecode.swift; path = RegisterScreen.swift; sourceTree = "<group>"; };
		133AF506271AD0E300EF8188 /* RegisterScreenProtocol.swift */ = {isa = PBXFileReference; lastKnownFileType = sourcecode.swift; path = RegisterScreenProtocol.swift; sourceTree = "<group>"; };
		133AF508271AD29F00EF8188 /* RegisterScreenViewControllerExtension.swift */ = {isa = PBXFileReference; lastKnownFileType = sourcecode.swift; path = RegisterScreenViewControllerExtension.swift; sourceTree = "<group>"; };
		13C954EF2719F9C6007242CE /* appViewCodeSnapKit.app */ = {isa = PBXFileReference; explicitFileType = wrapper.application; includeInIndex = 0; path = appViewCodeSnapKit.app; sourceTree = BUILT_PRODUCTS_DIR; };
		13C954F22719F9C6007242CE /* AppDelegate.swift */ = {isa = PBXFileReference; lastKnownFileType = sourcecode.swift; path = AppDelegate.swift; sourceTree = "<group>"; };
		13C954F42719F9C6007242CE /* SceneDelegate.swift */ = {isa = PBXFileReference; lastKnownFileType = sourcecode.swift; path = SceneDelegate.swift; sourceTree = "<group>"; };
		13C954F62719F9C6007242CE /* LoginScreenController.swift */ = {isa = PBXFileReference; lastKnownFileType = sourcecode.swift; path = LoginScreenController.swift; sourceTree = "<group>"; };
		13C954FB2719F9C9007242CE /* Assets.xcassets */ = {isa = PBXFileReference; lastKnownFileType = folder.assetcatalog; path = Assets.xcassets; sourceTree = "<group>"; };
		13C954FE2719F9C9007242CE /* Base */ = {isa = PBXFileReference; lastKnownFileType = file.storyboard; name = Base; path = Base.lproj/LaunchScreen.storyboard; sourceTree = "<group>"; };
		13C955002719F9C9007242CE /* Info.plist */ = {isa = PBXFileReference; lastKnownFileType = text.plist.xml; path = Info.plist; sourceTree = "<group>"; };
		13C95509271A05B4007242CE /* LoginScreen.swift */ = {isa = PBXFileReference; lastKnownFileType = sourcecode.swift; path = LoginScreen.swift; sourceTree = "<group>"; };
		13C9550D271A0636007242CE /* ViewCodeProtocol.swift */ = {isa = PBXFileReference; lastKnownFileType = sourcecode.swift; path = ViewCodeProtocol.swift; sourceTree = "<group>"; };
		13C95516271A3803007242CE /* LoginScreenControllerExtension.swift */ = {isa = PBXFileReference; lastKnownFileType = sourcecode.swift; path = LoginScreenControllerExtension.swift; sourceTree = "<group>"; };
		13C95518271A3863007242CE /* LoginScreenProtocol.swift */ = {isa = PBXFileReference; lastKnownFileType = sourcecode.swift; path = LoginScreenProtocol.swift; sourceTree = "<group>"; };
		68EB4E04BD74C37EC359EB96 /* Pods-appViewCodeSnapKit.debug.xcconfig */ = {isa = PBXFileReference; includeInIndex = 1; lastKnownFileType = text.xcconfig; name = "Pods-appViewCodeSnapKit.debug.xcconfig"; path = "Target Support Files/Pods-appViewCodeSnapKit/Pods-appViewCodeSnapKit.debug.xcconfig"; sourceTree = "<group>"; };
		9E8A1022D738F6B9C5AD0022 /* Pods_appViewCodeSnapKit.framework */ = {isa = PBXFileReference; explicitFileType = wrapper.framework; includeInIndex = 0; path = Pods_appViewCodeSnapKit.framework; sourceTree = BUILT_PRODUCTS_DIR; };
		ECB9F6AF1F2BDA752B21425F /* Pods-appViewCodeSnapKit.release.xcconfig */ = {isa = PBXFileReference; includeInIndex = 1; lastKnownFileType = text.xcconfig; name = "Pods-appViewCodeSnapKit.release.xcconfig"; path = "Target Support Files/Pods-appViewCodeSnapKit/Pods-appViewCodeSnapKit.release.xcconfig"; sourceTree = "<group>"; };
/* End PBXFileReference section */

/* Begin PBXFrameworksBuildPhase section */
		13C954EC2719F9C6007242CE /* Frameworks */ = {
			isa = PBXFrameworksBuildPhase;
			buildActionMask = 2147483647;
			files = (
				DD1B25926D5AD933EB3475B5 /* Pods_appViewCodeSnapKit.framework in Frameworks */,
			);
			runOnlyForDeploymentPostprocessing = 0;
		};
/* End PBXFrameworksBuildPhase section */

/* Begin PBXGroup section */
		0B87DC8878EF555E743399EC /* Pods */ = {
			isa = PBXGroup;
			children = (
				68EB4E04BD74C37EC359EB96 /* Pods-appViewCodeSnapKit.debug.xcconfig */,
				ECB9F6AF1F2BDA752B21425F /* Pods-appViewCodeSnapKit.release.xcconfig */,
			);
			path = Pods;
			sourceTree = "<group>";
		};
		133AF4FE271A471200EF8188 /* screen */ = {
			isa = PBXGroup;
			children = (
				133AF504271A47AF00EF8188 /* RegisterScreen.swift */,
			);
			path = screen;
			sourceTree = "<group>";
		};
		133AF4FF271A472500EF8188 /* controller */ = {
			isa = PBXGroup;
			children = (
				133AF502271A478C00EF8188 /* RegisterScreenController.swift */,
			);
			path = controller;
			sourceTree = "<group>";
		};
		133AF500271A473A00EF8188 /* protocols */ = {
			isa = PBXGroup;
			children = (
				133AF506271AD0E300EF8188 /* RegisterScreenProtocol.swift */,
			);
			path = protocols;
			sourceTree = "<group>";
		};
		133AF501271A474500EF8188 /* extensions */ = {
			isa = PBXGroup;
			children = (
				133AF508271AD29F00EF8188 /* RegisterScreenViewControllerExtension.swift */,
			);
			path = extensions;
			sourceTree = "<group>";
		};
		13C954E62719F9C6007242CE = {
			isa = PBXGroup;
			children = (
				13C954F12719F9C6007242CE /* appViewCodeSnapKit */,
				13C954F02719F9C6007242CE /* Products */,
				0B87DC8878EF555E743399EC /* Pods */,
				DAE000E1772340152BBBDBBD /* Frameworks */,
			);
			sourceTree = "<group>";
		};
		13C954F02719F9C6007242CE /* Products */ = {
			isa = PBXGroup;
			children = (
				13C954EF2719F9C6007242CE /* appViewCodeSnapKit.app */,
			);
			name = Products;
			sourceTree = "<group>";
		};
		13C954F12719F9C6007242CE /* appViewCodeSnapKit */ = {
			isa = PBXGroup;
			children = (
				13C95512271A372F007242CE /* Commons */,
				13C9550B271A05CE007242CE /* protocols */,
				13C95506271A0539007242CE /* LoginScreen */,
				13C95513271A3747007242CE /* RegisterScreen */,
				13C954FB2719F9C9007242CE /* Assets.xcassets */,
				13C954FD2719F9C9007242CE /* LaunchScreen.storyboard */,
				13C955002719F9C9007242CE /* Info.plist */,
			);
			path = appViewCodeSnapKit;
			sourceTree = "<group>";
		};
		13C95506271A0539007242CE /* LoginScreen */ = {
			isa = PBXGroup;
			children = (
				13C95515271A37D4007242CE /* protocols */,
				13C95514271A37A5007242CE /* extensions */,
				13C95508271A0594007242CE /* screen */,
				13C95507271A0584007242CE /* controller */,
			);
			path = LoginScreen;
			sourceTree = "<group>";
		};
		13C95507271A0584007242CE /* controller */ = {
			isa = PBXGroup;
			children = (
				13C954F62719F9C6007242CE /* LoginScreenController.swift */,
			);
			path = controller;
			sourceTree = "<group>";
		};
		13C95508271A0594007242CE /* screen */ = {
			isa = PBXGroup;
			children = (
				13C95509271A05B4007242CE /* LoginScreen.swift */,
			);
			path = screen;
			sourceTree = "<group>";
		};
		13C9550B271A05CE007242CE /* protocols */ = {
			isa = PBXGroup;
			children = (
				13C9550D271A0636007242CE /* ViewCodeProtocol.swift */,
			);
			path = protocols;
			sourceTree = "<group>";
		};
		13C95512271A372F007242CE /* Commons */ = {
			isa = PBXGroup;
			children = (
				13C954F22719F9C6007242CE /* AppDelegate.swift */,
				13C954F42719F9C6007242CE /* SceneDelegate.swift */,
			);
			path = Commons;
			sourceTree = "<group>";
		};
		13C95513271A3747007242CE /* RegisterScreen */ = {
			isa = PBXGroup;
			children = (
				133AF500271A473A00EF8188 /* protocols */,
				133AF501271A474500EF8188 /* extensions */,
				133AF4FE271A471200EF8188 /* screen */,
				133AF4FF271A472500EF8188 /* controller */,
			);
			path = RegisterScreen;
			sourceTree = "<group>";
		};
		13C95514271A37A5007242CE /* extensions */ = {
			isa = PBXGroup;
			children = (
				13C95516271A3803007242CE /* LoginScreenControllerExtension.swift */,
			);
			path = extensions;
			sourceTree = "<group>";
		};
		13C95515271A37D4007242CE /* protocols */ = {
			isa = PBXGroup;
			children = (
				13C95518271A3863007242CE /* LoginScreenProtocol.swift */,
			);
			path = protocols;
			sourceTree = "<group>";
		};
		DAE000E1772340152BBBDBBD /* Frameworks */ = {
			isa = PBXGroup;
			children = (
				9E8A1022D738F6B9C5AD0022 /* Pods_appViewCodeSnapKit.framework */,
			);
			name = Frameworks;
			sourceTree = "<group>";
		};
/* End PBXGroup section */

/* Begin PBXNativeTarget section */
		13C954EE2719F9C6007242CE /* appViewCodeSnapKit */ = {
			isa = PBXNativeTarget;
			buildConfigurationList = 13C955032719F9C9007242CE /* Build configuration list for PBXNativeTarget "appViewCodeSnapKit" */;
			buildPhases = (
				92252F2E7284E29435455CA5 /* [CP] Check Pods Manifest.lock */,
				13C954EB2719F9C6007242CE /* Sources */,
				13C954EC2719F9C6007242CE /* Frameworks */,
				13C954ED2719F9C6007242CE /* Resources */,
				4E6A71EC07C53E7EAC342F52 /* [CP] Embed Pods Frameworks */,
			);
			buildRules = (
			);
			dependencies = (
			);
			name = appViewCodeSnapKit;
			productName = appViewCodeSnapKit;
			productReference = 13C954EF2719F9C6007242CE /* appViewCodeSnapKit.app */;
			productType = "com.apple.product-type.application";
		};
/* End PBXNativeTarget section */

/* Begin PBXProject section */
		13C954E72719F9C6007242CE /* Project object */ = {
			isa = PBXProject;
			attributes = {
				BuildIndependentTargetsInParallel = 1;
				LastSwiftUpdateCheck = 1300;
				LastUpgradeCheck = 1300;
				TargetAttributes = {
					13C954EE2719F9C6007242CE = {
						CreatedOnToolsVersion = 13.0;
					};
				};
			};
			buildConfigurationList = 13C954EA2719F9C6007242CE /* Build configuration list for PBXProject "appViewCodeSnapKit" */;
			compatibilityVersion = "Xcode 13.0";
			developmentRegion = en;
			hasScannedForEncodings = 0;
			knownRegions = (
				en,
				Base,
			);
			mainGroup = 13C954E62719F9C6007242CE;
			productRefGroup = 13C954F02719F9C6007242CE /* Products */;
			projectDirPath = "";
			projectRoot = "";
			targets = (
				13C954EE2719F9C6007242CE /* appViewCodeSnapKit */,
			);
		};
/* End PBXProject section */

/* Begin PBXResourcesBuildPhase section */
		13C954ED2719F9C6007242CE /* Resources */ = {
			isa = PBXResourcesBuildPhase;
			buildActionMask = 2147483647;
			files = (
				13C954FF2719F9C9007242CE /* LaunchScreen.storyboard in Resources */,
				13C954FC2719F9C9007242CE /* Assets.xcassets in Resources */,
			);
			runOnlyForDeploymentPostprocessing = 0;
		};
/* End PBXResourcesBuildPhase section */

/* Begin PBXShellScriptBuildPhase section */
		4E6A71EC07C53E7EAC342F52 /* [CP] Embed Pods Frameworks */ = {
			isa = PBXShellScriptBuildPhase;
			buildActionMask = 2147483647;
			files = (
			);
			inputFileListPaths = (
				"${PODS_ROOT}/Target Support Files/Pods-appViewCodeSnapKit/Pods-appViewCodeSnapKit-frameworks-${CONFIGURATION}-input-files.xcfilelist",
			);
			name = "[CP] Embed Pods Frameworks";
			outputFileListPaths = (
				"${PODS_ROOT}/Target Support Files/Pods-appViewCodeSnapKit/Pods-appViewCodeSnapKit-frameworks-${CONFIGURATION}-output-files.xcfilelist",
			);
			runOnlyForDeploymentPostprocessing = 0;
			shellPath = /bin/sh;
			shellScript = "\"${PODS_ROOT}/Target Support Files/Pods-appViewCodeSnapKit/Pods-appViewCodeSnapKit-frameworks.sh\"\n";
			showEnvVarsInLog = 0;
		};
		92252F2E7284E29435455CA5 /* [CP] Check Pods Manifest.lock */ = {
			isa = PBXShellScriptBuildPhase;
			buildActionMask = 2147483647;
			files = (
			);
			inputFileListPaths = (
			);
			inputPaths = (
				"${PODS_PODFILE_DIR_PATH}/Podfile.lock",
				"${PODS_ROOT}/Manifest.lock",
			);
			name = "[CP] Check Pods Manifest.lock";
			outputFileListPaths = (
			);
			outputPaths = (
				"$(DERIVED_FILE_DIR)/Pods-appViewCodeSnapKit-checkManifestLockResult.txt",
			);
			runOnlyForDeploymentPostprocessing = 0;
			shellPath = /bin/sh;
			shellScript = "diff \"${PODS_PODFILE_DIR_PATH}/Podfile.lock\" \"${PODS_ROOT}/Manifest.lock\" > /dev/null\nif [ $? != 0 ] ; then\n    # print error to STDERR\n    echo \"error: The sandbox is not in sync with the Podfile.lock. Run 'pod install' or update your CocoaPods installation.\" >&2\n    exit 1\nfi\n# This output is used by Xcode 'outputs' to avoid re-running this script phase.\necho \"SUCCESS\" > \"${SCRIPT_OUTPUT_FILE_0}\"\n";
			showEnvVarsInLog = 0;
		};
/* End PBXShellScriptBuildPhase section */

/* Begin PBXSourcesBuildPhase section */
		13C954EB2719F9C6007242CE /* Sources */ = {
			isa = PBXSourcesBuildPhase;
			buildActionMask = 2147483647;
			files = (
				13C954F72719F9C6007242CE /* LoginScreenController.swift in Sources */,
				133AF509271AD29F00EF8188 /* RegisterScreenViewControllerExtension.swift in Sources */,
				13C95519271A3863007242CE /* LoginScreenProtocol.swift in Sources */,
				13C9550A271A05B4007242CE /* LoginScreen.swift in Sources */,
				133AF505271A47AF00EF8188 /* RegisterScreen.swift in Sources */,
				13C95517271A3803007242CE /* LoginScreenControllerExtension.swift in Sources */,
				13C9550E271A0636007242CE /* ViewCodeProtocol.swift in Sources */,
				133AF507271AD0E300EF8188 /* RegisterScreenProtocol.swift in Sources */,
				133AF503271A478C00EF8188 /* RegisterScreenController.swift in Sources */,
				13C954F32719F9C6007242CE /* AppDelegate.swift in Sources */,
				13C954F52719F9C6007242CE /* SceneDelegate.swift in Sources */,
			);
			runOnlyForDeploymentPostprocessing = 0;
		};
/* End PBXSourcesBuildPhase section */

/* Begin PBXVariantGroup section */
		13C954FD2719F9C9007242CE /* LaunchScreen.storyboard */ = {
			isa = PBXVariantGroup;
			children = (
				13C954FE2719F9C9007242CE /* Base */,
			);
			name = LaunchScreen.storyboard;
			sourceTree = "<group>";
		};
/* End PBXVariantGroup section */

/* Begin XCBuildConfiguration section */
		13C955012719F9C9007242CE /* Debug */ = {
			isa = XCBuildConfiguration;
			buildSettings = {
				ALWAYS_SEARCH_USER_PATHS = NO;
				CLANG_ANALYZER_NONNULL = YES;
				CLANG_ANALYZER_NUMBER_OBJECT_CONVERSION = YES_AGGRESSIVE;
				CLANG_CXX_LANGUAGE_STANDARD = "gnu++17";
				CLANG_CXX_LIBRARY = "libc++";
				CLANG_ENABLE_MODULES = YES;
				CLANG_ENABLE_OBJC_ARC = YES;
				CLANG_ENABLE_OBJC_WEAK = YES;
				CLANG_WARN_BLOCK_CAPTURE_AUTORELEASING = YES;
				CLANG_WARN_BOOL_CONVERSION = YES;
				CLANG_WARN_COMMA = YES;
				CLANG_WARN_CONSTANT_CONVERSION = YES;
				CLANG_WARN_DEPRECATED_OBJC_IMPLEMENTATIONS = YES;
				CLANG_WARN_DIRECT_OBJC_ISA_USAGE = YES_ERROR;
				CLANG_WARN_DOCUMENTATION_COMMENTS = YES;
				CLANG_WARN_EMPTY_BODY = YES;
				CLANG_WARN_ENUM_CONVERSION = YES;
				CLANG_WARN_INFINITE_RECURSION = YES;
				CLANG_WARN_INT_CONVERSION = YES;
				CLANG_WARN_NON_LITERAL_NULL_CONVERSION = YES;
				CLANG_WARN_OBJC_IMPLICIT_RETAIN_SELF = YES;
				CLANG_WARN_OBJC_LITERAL_CONVERSION = YES;
				CLANG_WARN_OBJC_ROOT_CLASS = YES_ERROR;
				CLANG_WARN_QUOTED_INCLUDE_IN_FRAMEWORK_HEADER = YES;
				CLANG_WARN_RANGE_LOOP_ANALYSIS = YES;
				CLANG_WARN_STRICT_PROTOTYPES = YES;
				CLANG_WARN_SUSPICIOUS_MOVE = YES;
				CLANG_WARN_UNGUARDED_AVAILABILITY = YES_AGGRESSIVE;
				CLANG_WARN_UNREACHABLE_CODE = YES;
				CLANG_WARN__DUPLICATE_METHOD_MATCH = YES;
				COPY_PHASE_STRIP = NO;
				DEBUG_INFORMATION_FORMAT = dwarf;
				ENABLE_STRICT_OBJC_MSGSEND = YES;
				ENABLE_TESTABILITY = YES;
				GCC_C_LANGUAGE_STANDARD = gnu11;
				GCC_DYNAMIC_NO_PIC = NO;
				GCC_NO_COMMON_BLOCKS = YES;
				GCC_OPTIMIZATION_LEVEL = 0;
				GCC_PREPROCESSOR_DEFINITIONS = (
					"DEBUG=1",
					"$(inherited)",
				);
				GCC_WARN_64_TO_32_BIT_CONVERSION = YES;
				GCC_WARN_ABOUT_RETURN_TYPE = YES_ERROR;
				GCC_WARN_UNDECLARED_SELECTOR = YES;
				GCC_WARN_UNINITIALIZED_AUTOS = YES_AGGRESSIVE;
				GCC_WARN_UNUSED_FUNCTION = YES;
				GCC_WARN_UNUSED_VARIABLE = YES;
				IPHONEOS_DEPLOYMENT_TARGET = 15.0;
				MTL_ENABLE_DEBUG_INFO = INCLUDE_SOURCE;
				MTL_FAST_MATH = YES;
				ONLY_ACTIVE_ARCH = YES;
				SDKROOT = iphoneos;
				SWIFT_ACTIVE_COMPILATION_CONDITIONS = DEBUG;
				SWIFT_OPTIMIZATION_LEVEL = "-Onone";
			};
			name = Debug;
		};
		13C955022719F9C9007242CE /* Release */ = {
			isa = XCBuildConfiguration;
			buildSettings = {
				ALWAYS_SEARCH_USER_PATHS = NO;
				CLANG_ANALYZER_NONNULL = YES;
				CLANG_ANALYZER_NUMBER_OBJECT_CONVERSION = YES_AGGRESSIVE;
				CLANG_CXX_LANGUAGE_STANDARD = "gnu++17";
				CLANG_CXX_LIBRARY = "libc++";
				CLANG_ENABLE_MODULES = YES;
				CLANG_ENABLE_OBJC_ARC = YES;
				CLANG_ENABLE_OBJC_WEAK = YES;
				CLANG_WARN_BLOCK_CAPTURE_AUTORELEASING = YES;
				CLANG_WARN_BOOL_CONVERSION = YES;
				CLANG_WARN_COMMA = YES;
				CLANG_WARN_CONSTANT_CONVERSION = YES;
				CLANG_WARN_DEPRECATED_OBJC_IMPLEMENTATIONS = YES;
				CLANG_WARN_DIRECT_OBJC_ISA_USAGE = YES_ERROR;
				CLANG_WARN_DOCUMENTATION_COMMENTS = YES;
				CLANG_WARN_EMPTY_BODY = YES;
				CLANG_WARN_ENUM_CONVERSION = YES;
				CLANG_WARN_INFINITE_RECURSION = YES;
				CLANG_WARN_INT_CONVERSION = YES;
				CLANG_WARN_NON_LITERAL_NULL_CONVERSION = YES;
				CLANG_WARN_OBJC_IMPLICIT_RETAIN_SELF = YES;
				CLANG_WARN_OBJC_LITERAL_CONVERSION = YES;
				CLANG_WARN_OBJC_ROOT_CLASS = YES_ERROR;
				CLANG_WARN_QUOTED_INCLUDE_IN_FRAMEWORK_HEADER = YES;
				CLANG_WARN_RANGE_LOOP_ANALYSIS = YES;
				CLANG_WARN_STRICT_PROTOTYPES = YES;
				CLANG_WARN_SUSPICIOUS_MOVE = YES;
				CLANG_WARN_UNGUARDED_AVAILABILITY = YES_AGGRESSIVE;
				CLANG_WARN_UNREACHABLE_CODE = YES;
				CLANG_WARN__DUPLICATE_METHOD_MATCH = YES;
				COPY_PHASE_STRIP = NO;
				DEBUG_INFORMATION_FORMAT = "dwarf-with-dsym";
				ENABLE_NS_ASSERTIONS = NO;
				ENABLE_STRICT_OBJC_MSGSEND = YES;
				GCC_C_LANGUAGE_STANDARD = gnu11;
				GCC_NO_COMMON_BLOCKS = YES;
				GCC_WARN_64_TO_32_BIT_CONVERSION = YES;
				GCC_WARN_ABOUT_RETURN_TYPE = YES_ERROR;
				GCC_WARN_UNDECLARED_SELECTOR = YES;
				GCC_WARN_UNINITIALIZED_AUTOS = YES_AGGRESSIVE;
				GCC_WARN_UNUSED_FUNCTION = YES;
				GCC_WARN_UNUSED_VARIABLE = YES;
				IPHONEOS_DEPLOYMENT_TARGET = 15.0;
				MTL_ENABLE_DEBUG_INFO = NO;
				MTL_FAST_MATH = YES;
				SDKROOT = iphoneos;
				SWIFT_COMPILATION_MODE = wholemodule;
				SWIFT_OPTIMIZATION_LEVEL = "-O";
				VALIDATE_PRODUCT = YES;
			};
			name = Release;
		};
		13C955042719F9C9007242CE /* Debug */ = {
			isa = XCBuildConfiguration;
			baseConfigurationReference = 68EB4E04BD74C37EC359EB96 /* Pods-appViewCodeSnapKit.debug.xcconfig */;
			buildSettings = {
				ASSETCATALOG_COMPILER_APPICON_NAME = AppIcon;
				ASSETCATALOG_COMPILER_GLOBAL_ACCENT_COLOR_NAME = AccentColor;
				CODE_SIGN_STYLE = Automatic;
				CURRENT_PROJECT_VERSION = 1;
				DEVELOPMENT_TEAM = SKJ95W6TPQ;
				GENERATE_INFOPLIST_FILE = YES;
				INFOPLIST_FILE = appViewCodeSnapKit/Info.plist;
				INFOPLIST_KEY_UIApplicationSupportsIndirectInputEvents = YES;
				INFOPLIST_KEY_UILaunchStoryboardName = LaunchScreen;
				INFOPLIST_KEY_UISupportedInterfaceOrientations_iPad = "UIInterfaceOrientationPortrait UIInterfaceOrientationPortraitUpsideDown UIInterfaceOrientationLandscapeLeft UIInterfaceOrientationLandscapeRight";
				INFOPLIST_KEY_UISupportedInterfaceOrientations_iPhone = "UIInterfaceOrientationPortrait UIInterfaceOrientationLandscapeLeft UIInterfaceOrientationLandscapeRight";
				LD_RUNPATH_SEARCH_PATHS = (
					"$(inherited)",
					"@executable_path/Frameworks",
				);
				MARKETING_VERSION = 1.0;
				PRODUCT_BUNDLE_IDENTIFIER = com.diego.llopis.appViewCodeSnapKit;
				PRODUCT_NAME = "$(TARGET_NAME)";
				SWIFT_EMIT_LOC_STRINGS = YES;
				SWIFT_VERSION = 5.0;
				TARGETED_DEVICE_FAMILY = "1,2";
			};
			name = Debug;
		};
		13C955052719F9C9007242CE /* Release */ = {
			isa = XCBuildConfiguration;
			baseConfigurationReference = ECB9F6AF1F2BDA752B21425F /* Pods-appViewCodeSnapKit.release.xcconfig */;
			buildSettings = {
				ASSETCATALOG_COMPILER_APPICON_NAME = AppIcon;
				ASSETCATALOG_COMPILER_GLOBAL_ACCENT_COLOR_NAME = AccentColor;
				CODE_SIGN_STYLE = Automatic;
				CURRENT_PROJECT_VERSION = 1;
				DEVELOPMENT_TEAM = SKJ95W6TPQ;
				GENERATE_INFOPLIST_FILE = YES;
				INFOPLIST_FILE = appViewCodeSnapKit/Info.plist;
				INFOPLIST_KEY_UIApplicationSupportsIndirectInputEvents = YES;
				INFOPLIST_KEY_UILaunchStoryboardName = LaunchScreen;
				INFOPLIST_KEY_UISupportedInterfaceOrientations_iPad = "UIInterfaceOrientationPortrait UIInterfaceOrientationPortraitUpsideDown UIInterfaceOrientationLandscapeLeft UIInterfaceOrientationLandscapeRight";
				INFOPLIST_KEY_UISupportedInterfaceOrientations_iPhone = "UIInterfaceOrientationPortrait UIInterfaceOrientationLandscapeLeft UIInterfaceOrientationLandscapeRight";
				LD_RUNPATH_SEARCH_PATHS = (
					"$(inherited)",
					"@executable_path/Frameworks",
				);
				MARKETING_VERSION = 1.0;
				PRODUCT_BUNDLE_IDENTIFIER = com.diego.llopis.appViewCodeSnapKit;
				PRODUCT_NAME = "$(TARGET_NAME)";
				SWIFT_EMIT_LOC_STRINGS = YES;
				SWIFT_VERSION = 5.0;
				TARGETED_DEVICE_FAMILY = "1,2";
			};
			name = Release;
		};
/* End XCBuildConfiguration section */

/* Begin XCConfigurationList section */
		13C954EA2719F9C6007242CE /* Build configuration list for PBXProject "appViewCodeSnapKit" */ = {
			isa = XCConfigurationList;
			buildConfigurations = (
				13C955012719F9C9007242CE /* Debug */,
				13C955022719F9C9007242CE /* Release */,
			);
			defaultConfigurationIsVisible = 0;
			defaultConfigurationName = Release;
		};
		13C955032719F9C9007242CE /* Build configuration list for PBXNativeTarget "appViewCodeSnapKit" */ = {
			isa = XCConfigurationList;
			buildConfigurations = (
				13C955042719F9C9007242CE /* Debug */,
				13C955052719F9C9007242CE /* Release */,
			);
			defaultConfigurationIsVisible = 0;
			defaultConfigurationName = Release;
		};
/* End XCConfigurationList section */
	};
	rootObject = 13C954E72719F9C6007242CE /* Project object */;
}
